
Microsoft Visual Studio Solution File, Format Version 12.00
# Visual Studio 15
VisualStudioVersion = 15.0.27130.2003
MinimumVisualStudioVersion = 10.0.40219.1
Project("{FAE04EC0-301F-11D3-BF4B-00C04F79EFBC}") = "RankPeoplesChoice", "RankPeoplesChoice\RankPeoplesChoice.csproj", "{74AD81B3-F41C-4132-90F7-28821596713E}"
EndProject
Global
	GlobalSection(SolutionConfigurationPlatforms) = preSolution
		Debug|Any CPU = Debug|Any CPU
		Release|Any CPU = Release|Any CPU
	EndGlobalSection
	GlobalSection(ProjectConfigurationPlatforms) = postSolution
		{74AD81B3-F41C-4132-90F7-28821596713E}.Debug|Any CPU.ActiveCfg = Debug|Any CPU
		{74AD81B3-F41C-4132-90F7-28821596713E}.Debug|Any CPU.Build.0 = Debug|Any CPU
		{74AD81B3-F41C-4132-90F7-28821596713E}.Release|Any CPU.ActiveCfg = Release|Any CPU
		{74AD81B3-F41C-4132-90F7-28821596713E}.Release|Any CPU.Build.0 = Release|Any CPU
	EndGlobalSection
	GlobalSection(SolutionProperties) = preSolution
		HideSolutionNode = FALSE
	EndGlobalSection
	GlobalSection(ExtensibilityGlobals) = postSolution
		SolutionGuid = {4A0BDB55-EE9A-4374-99C2-96A2D4037D79}
	EndGlobalSection
EndGlobal
